
Microsoft Visual Studio Solution File, Format Version 12.00
Project("{FAE04EC0-301F-11D3-BF4B-00C04F79EFBC}") = "Core", "Core\Core.csproj", "{38291CE1-3869-468A-8E2F-A31E11CF4692}"
EndProject
Project("{2150E333-8FDC-42A3-9474-1A3956D46DE8}") = "src", "src", "{7D6089ED-D420-4CC2-934D-6AD04123903D}"
EndProject
Project("{2150E333-8FDC-42A3-9474-1A3956D46DE8}") = "tests", "tests", "{92FEF447-5A9F-4BE5-AE11-127FB3CE7DDC}"
EndProject
Project("{FAE04EC0-301F-11D3-BF4B-00C04F79EFBC}") = "Application", "Application\Application.csproj", "{29561BFD-8A52-4156-8291-20EF76820684}"
EndProject
Project("{FAE04EC0-301F-11D3-BF4B-00C04F79EFBC}") = "Infrastructure", "Infrastructure\Infrastructure.csproj", "{40C92D0E-1722-4F8B-81D0-F3C2A1456DE6}"
EndProject
Project("{FAE04EC0-301F-11D3-BF4B-00C04F79EFBC}") = "Client", "Client\Client.csproj", "{A2FEDE9E-C925-46B2-AABF-92A284F32622}"
EndProject
Project("{FAE04EC0-301F-11D3-BF4B-00C04F79EFBC}") = "ApplicationTests", "ApplicationTests\ApplicationTests.csproj", "{51080EBA-F06B-4E27-A893-C869473E0B59}"
EndProject
Project("{2150E333-8FDC-42A3-9474-1A3956D46DE8}") = "ExampleData", "ExampleData", "{ADAD9A73-E735-4302-9E74-F40F32FFED2C}"
	ProjectSection(SolutionItems) = preProject
		Client\bin\Debug\net9.0\wallets_storage\c9d0e7f1-8f69-4a3c-bd8f-7c5f9a1d2e3f.json = Client\bin\Debug\net9.0\wallets_storage\c9d0e7f1-8f69-4a3c-bd8f-7c5f9a1d2e3f.json
		Client\bin\Debug\net9.0\wallets_storage\a1f5c1b8-3e24-4d1a-bf5b-0a1e4d3f2c1a.json = Client\bin\Debug\net9.0\wallets_storage\a1f5c1b8-3e24-4d1a-bf5b-0a1e4d3f2c1a.json
		Client\bin\Debug\net9.0\wallets_storage\e5f9b6c2-7c45-4d2b-af6d-4b2f7e9c5d6e.json = Client\bin\Debug\net9.0\wallets_storage\e5f9b6c2-7c45-4d2b-af6d-4b2f7e9c5d6e.json
	EndProjectSection
EndProject
Global
	GlobalSection(SolutionConfigurationPlatforms) = preSolution
		Debug|Any CPU = Debug|Any CPU
		Release|Any CPU = Release|Any CPU
	EndGlobalSection
	GlobalSection(ProjectConfigurationPlatforms) = postSolution
		{38291CE1-3869-468A-8E2F-A31E11CF4692}.Debug|Any CPU.ActiveCfg = Debug|Any CPU
		{38291CE1-3869-468A-8E2F-A31E11CF4692}.Debug|Any CPU.Build.0 = Debug|Any CPU
		{38291CE1-3869-468A-8E2F-A31E11CF4692}.Release|Any CPU.ActiveCfg = Release|Any CPU
		{38291CE1-3869-468A-8E2F-A31E11CF4692}.Release|Any CPU.Build.0 = Release|Any CPU
		{29561BFD-8A52-4156-8291-20EF76820684}.Debug|Any CPU.ActiveCfg = Debug|Any CPU
		{29561BFD-8A52-4156-8291-20EF76820684}.Debug|Any CPU.Build.0 = Debug|Any CPU
		{29561BFD-8A52-4156-8291-20EF76820684}.Release|Any CPU.ActiveCfg = Release|Any CPU
		{29561BFD-8A52-4156-8291-20EF76820684}.Release|Any CPU.Build.0 = Release|Any CPU
		{40C92D0E-1722-4F8B-81D0-F3C2A1456DE6}.Debug|Any CPU.ActiveCfg = Debug|Any CPU
		{40C92D0E-1722-4F8B-81D0-F3C2A1456DE6}.Debug|Any CPU.Build.0 = Debug|Any CPU
		{40C92D0E-1722-4F8B-81D0-F3C2A1456DE6}.Release|Any CPU.ActiveCfg = Release|Any CPU
		{40C92D0E-1722-4F8B-81D0-F3C2A1456DE6}.Release|Any CPU.Build.0 = Release|Any CPU
		{A2FEDE9E-C925-46B2-AABF-92A284F32622}.Debug|Any CPU.ActiveCfg = Debug|Any CPU
		{A2FEDE9E-C925-46B2-AABF-92A284F32622}.Debug|Any CPU.Build.0 = Debug|Any CPU
		{A2FEDE9E-C925-46B2-AABF-92A284F32622}.Release|Any CPU.ActiveCfg = Release|Any CPU
		{A2FEDE9E-C925-46B2-AABF-92A284F32622}.Release|Any CPU.Build.0 = Release|Any CPU
		{51080EBA-F06B-4E27-A893-C869473E0B59}.Debug|Any CPU.ActiveCfg = Debug|Any CPU
		{51080EBA-F06B-4E27-A893-C869473E0B59}.Debug|Any CPU.Build.0 = Debug|Any CPU
		{51080EBA-F06B-4E27-A893-C869473E0B59}.Release|Any CPU.ActiveCfg = Release|Any CPU
		{51080EBA-F06B-4E27-A893-C869473E0B59}.Release|Any CPU.Build.0 = Release|Any CPU
	EndGlobalSection
	GlobalSection(NestedProjects) = preSolution
		{38291CE1-3869-468A-8E2F-A31E11CF4692} = {7D6089ED-D420-4CC2-934D-6AD04123903D}
		{29561BFD-8A52-4156-8291-20EF76820684} = {7D6089ED-D420-4CC2-934D-6AD04123903D}
		{40C92D0E-1722-4F8B-81D0-F3C2A1456DE6} = {7D6089ED-D420-4CC2-934D-6AD04123903D}
		{A2FEDE9E-C925-46B2-AABF-92A284F32622} = {7D6089ED-D420-4CC2-934D-6AD04123903D}
		{51080EBA-F06B-4E27-A893-C869473E0B59} = {92FEF447-5A9F-4BE5-AE11-127FB3CE7DDC}
	EndGlobalSection
EndGlobal
